dependencies:
- name: tango-base
  repository: https://nexus.engageska-portugal.pt/repository/helm-chart
  version: 0.2.20
- name: tango-util
  repository: https://nexus.engageska-portugal.pt/repository/helm-chart
  version: 0.2.13
- name: mid-cbf
  repository: https://nexus.engageska-portugal.pt/repository/helm-chart
  version: 0.1.1
- name: mid-csp
  repository: https://nexus.engageska-portugal.pt/repository/helm-chart
  version: 0.1.5
- name: sdp
  repository: https://nexus.engageska-portugal.pt/repository/helm-chart
  version: 0.4.0
- name: tmc-mid
  repository: https://nexus.engageska-portugal.pt/repository/helm-chart
  version: 0.2.10
- name: oet-scripts
  repository: https://nexus.engageska-portugal.pt/repository/helm-chart
  version: 0.3.6
- name: webjive
  repository: https://nexus.engageska-portugal.pt/repository/helm-chart
  version: 1.0.16
- name: skuid
  repository: https://nexus.engageska-portugal.pt/repository/helm-chart
  version: 0.1.0
- name: landingpage
  repository: file://../landingpage
  version: 0.1.0
digest: sha256:9c48d22dfc93afba4a798314190cc0a7db27467270d676c8387db58433c36ce5
generated: "2021-04-14T02:37:11.594544385+12:00"
